{
  "originHash" : "b6f7667f3316091ccd70d48133dfbd34ce784b12006db07803333e9debebc176",
  "pins" : [
    {
      "identity" : "purchases-ios",
      "kind" : "remoteSourceControl",
      "location" : "git@github.com:RevenueCat/purchases-ios.git",
      "state" : {
        "branch" : "main",
        "revision" : "b1bb834bbf5e242e21927b252e576230cf40179f"
      }
    },
    {
      "identity" : "swift-package-manager-google-mobile-ads",
      "kind" : "remoteSourceControl",
      "location" : "https://github.com/googleads/swift-package-manager-google-mobile-ads",
      "state" : {
        "revision" : "7778cc1ab037c10dbbe026959e51e616bd961be9",
        "version" : "11.13.0"
      }
    },
    {
      "identity" : "swift-package-manager-google-user-messaging-platform",
      "kind" : "remoteSourceControl",
      "location" : "https://github.com/googleads/swift-package-manager-google-user-messaging-platform.git",
      "state" : {
        "revision" : "708a282840c2171ee63bd93b87afa49fe507d70e",
        "version" : "2.7.0"
      }
    }
  ],
  "version" : 3
}
